// !$*UTF8*$!
{
	archiveVersion = 1;
	classes = {
	};
	objectVersion = 55;
	objects = {

/* Begin PBXBuildFile section */
		8445F101283214290001F3CD /* DataPersistenceManager.swift in Sources */ = {isa = PBXBuildFile; fileRef = 8445F100283214290001F3CD /* DataPersistenceManager.swift */; };
		8445F10D28324EEA0001F3CD /* LoadingViewController.swift in Sources */ = {isa = PBXBuildFile; fileRef = 8445F10C28324EEA0001F3CD /* LoadingViewController.swift */; };
		8445F10F283258970001F3CD /* ShowErrorAlert.swift in Sources */ = {isa = PBXBuildFile; fileRef = 8445F10E283258970001F3CD /* ShowErrorAlert.swift */; };
		8445F111283262C10001F3CD /* Constants.swift in Sources */ = {isa = PBXBuildFile; fileRef = 8445F110283262C10001F3CD /* Constants.swift */; };
		848123C4282790E500BB640E /* AddReminderViewController.swift in Sources */ = {isa = PBXBuildFile; fileRef = 848123C3282790E500BB640E /* AddReminderViewController.swift */; };
		848A047D281C6984008F6E66 /* AppDelegate.swift in Sources */ = {isa = PBXBuildFile; fileRef = 848A047C281C6984008F6E66 /* AppDelegate.swift */; };
		848A047F281C6984008F6E66 /* SceneDelegate.swift in Sources */ = {isa = PBXBuildFile; fileRef = 848A047E281C6984008F6E66 /* SceneDelegate.swift */; };
		848A0487281C6984008F6E66 /* MyFundooNote.xcdatamodeld in Sources */ = {isa = PBXBuildFile; fileRef = 848A0485281C6984008F6E66 /* MyFundooNote.xcdatamodeld */; };
		848A0489281C698E008F6E66 /* Assets.xcassets in Resources */ = {isa = PBXBuildFile; fileRef = 848A0488281C698E008F6E66 /* Assets.xcassets */; };
		848A048C281C698E008F6E66 /* LaunchScreen.storyboard in Resources */ = {isa = PBXBuildFile; fileRef = 848A048A281C698E008F6E66 /* LaunchScreen.storyboard */; };
		848A0494281C6AB9008F6E66 /* HomeViewController.swift in Sources */ = {isa = PBXBuildFile; fileRef = 848A0493281C6AB9008F6E66 /* HomeViewController.swift */; };
		848A0497281C6BA5008F6E66 /* AuthService.swift in Sources */ = {isa = PBXBuildFile; fileRef = 848A0496281C6BA5008F6E66 /* AuthService.swift */; };
		848A049B281C7465008F6E66 /* LoginViewController.swift in Sources */ = {isa = PBXBuildFile; fileRef = 848A049A281C7465008F6E66 /* LoginViewController.swift */; };
		848A049D281C7479008F6E66 /* RegistrationViewController.swift in Sources */ = {isa = PBXBuildFile; fileRef = 848A049C281C7479008F6E66 /* RegistrationViewController.swift */; };
		848A049F281C7603008F6E66 /* Login.swift in Sources */ = {isa = PBXBuildFile; fileRef = 848A049E281C7603008F6E66 /* Login.swift */; };
		848A04A2281C761F008F6E66 /* Registration.swift in Sources */ = {isa = PBXBuildFile; fileRef = 848A04A1281C761F008F6E66 /* Registration.swift */; };
		848A04A4281C768B008F6E66 /* Extension.swift in Sources */ = {isa = PBXBuildFile; fileRef = 848A04A3281C768B008F6E66 /* Extension.swift */; };
		848A04A6281C7732008F6E66 /* CustomTextField.swift in Sources */ = {isa = PBXBuildFile; fileRef = 848A04A5281C7732008F6E66 /* CustomTextField.swift */; };
		848A04A9281C7787008F6E66 /* InputContainerView.swift in Sources */ = {isa = PBXBuildFile; fileRef = 848A04A8281C7787008F6E66 /* InputContainerView.swift */; };
		848A04B1281C87EA008F6E66 /* GoogleService-Info.plist in Resources */ = {isa = PBXBuildFile; fileRef = 848A04B0281C87EA008F6E66 /* GoogleService-Info.plist */; };
		848A04B6281E9360008F6E66 /* SideMenuViewController.swift in Sources */ = {isa = PBXBuildFile; fileRef = 848A04B5281E9360008F6E66 /* SideMenuViewController.swift */; };
		848A04B8281E9382008F6E66 /* SideMenuDelegate.swift in Sources */ = {isa = PBXBuildFile; fileRef = 848A04B7281E9382008F6E66 /* SideMenuDelegate.swift */; };
		848A04BA281E9392008F6E66 /* SideMenuItem.swift in Sources */ = {isa = PBXBuildFile; fileRef = 848A04B9281E9392008F6E66 /* SideMenuItem.swift */; };
		848A04BC281E93B5008F6E66 /* SideMenuItemCell.swift in Sources */ = {isa = PBXBuildFile; fileRef = 848A04BB281E93B5008F6E66 /* SideMenuItemCell.swift */; };
		848A04BF281EA921008F6E66 /* ContentViewController.swift in Sources */ = {isa = PBXBuildFile; fileRef = 848A04BE281EA921008F6E66 /* ContentViewController.swift */; };
		848A04C1281EA940008F6E66 /* ContentViewControllerPresentation.swift in Sources */ = {isa = PBXBuildFile; fileRef = 848A04C0281EA940008F6E66 /* ContentViewControllerPresentation.swift */; };
		848A04C3281EA970008F6E66 /* ContainerViewController.swift in Sources */ = {isa = PBXBuildFile; fileRef = 848A04C2281EA970008F6E66 /* ContainerViewController.swift */; };
		848A04C6281EA9D8008F6E66 /* ContainerViewComposer.swift in Sources */ = {isa = PBXBuildFile; fileRef = 848A04C5281EA9D8008F6E66 /* ContainerViewComposer.swift */; };
		848A04C8281EAA9E008F6E66 /* SettingsViewController.swift in Sources */ = {isa = PBXBuildFile; fileRef = 848A04C7281EAA9E008F6E66 /* SettingsViewController.swift */; };
		848A04CA281EAAB4008F6E66 /* ArchiveViewController.swift in Sources */ = {isa = PBXBuildFile; fileRef = 848A04C9281EAAB4008F6E66 /* ArchiveViewController.swift */; };
		848A04CC281EAAD0008F6E66 /* RemindersViewController.swift in Sources */ = {isa = PBXBuildFile; fileRef = 848A04CB281EAAD0008F6E66 /* RemindersViewController.swift */; };
		848A04CE281EAB9E008F6E66 /* AboutViewController.swift in Sources */ = {isa = PBXBuildFile; fileRef = 848A04CD281EAB9D008F6E66 /* AboutViewController.swift */; };
		848A04D1281FA934008F6E66 /* AddNoteViewController.swift in Sources */ = {isa = PBXBuildFile; fileRef = 848A04D0281FA934008F6E66 /* AddNoteViewController.swift */; };
		848A04D3281FD15F008F6E66 /* FirebaseNoteService.swift in Sources */ = {isa = PBXBuildFile; fileRef = 848A04D2281FD15E008F6E66 /* FirebaseNoteService.swift */; };
		848A04D5281FD1EB008F6E66 /* NoteModel.swift in Sources */ = {isa = PBXBuildFile; fileRef = 848A04D4281FD1EB008F6E66 /* NoteModel.swift */; };
		848A04D928201981008F6E66 /* NotesCell.swift in Sources */ = {isa = PBXBuildFile; fileRef = 848A04D828201981008F6E66 /* NotesCell.swift */; };
		848F3F8D2824C28800C7217C /* ProfileImageView.swift in Sources */ = {isa = PBXBuildFile; fileRef = 848F3F8C2824C28700C7217C /* ProfileImageView.swift */; };
		848F3F8F2824C2F400C7217C /* CustomContainerView.swift in Sources */ = {isa = PBXBuildFile; fileRef = 848F3F8E2824C2F400C7217C /* CustomContainerView.swift */; };
		849114D82824414F00D4C04F /* UserProfile.swift in Sources */ = {isa = PBXBuildFile; fileRef = 849114D72824414F00D4C04F /* UserProfile.swift */; };
		849114DA28244DCA00D4C04F /* ProfileViewController.swift in Sources */ = {isa = PBXBuildFile; fileRef = 849114D928244DCA00D4C04F /* ProfileViewController.swift */; };
		849114DC282474B000D4C04F /* TitleLabel.swift in Sources */ = {isa = PBXBuildFile; fileRef = 849114DB282474B000D4C04F /* TitleLabel.swift */; };
		849114DE2824753200D4C04F /* BodyLabel.swift in Sources */ = {isa = PBXBuildFile; fileRef = 849114DD2824753200D4C04F /* BodyLabel.swift */; };
		849114E02824760300D4C04F /* CustomButton.swift in Sources */ = {isa = PBXBuildFile; fileRef = 849114DF2824760300D4C04F /* CustomButton.swift */; };
		84968A882824D7DD0025CF9A /* CustomTextView.swift in Sources */ = {isa = PBXBuildFile; fileRef = 84968A872824D7DD0025CF9A /* CustomTextView.swift */; };
		84968A8A2825124A0025CF9A /* TextButton.swift in Sources */ = {isa = PBXBuildFile; fileRef = 84968A892825124A0025CF9A /* TextButton.swift */; };
		84EE2609282D1E0F0033E4FE /* PinterestLayout.swift in Sources */ = {isa = PBXBuildFile; fileRef = 84EE2608282D1E0E0033E4FE /* PinterestLayout.swift */; };
		CF2F8F443330E65509A41039 /* Pods_MyFundooNote.framework in Frameworks */ = {isa = PBXBuildFile; fileRef = BB724E13A2BE976805BACEA2 /* Pods_MyFundooNote.framework */; };
/* End PBXBuildFile section */

/* Begin PBXFileReference section */
		36C8321EB1F0FCD7788BBB89 /* Pods-MyFundooNote.debug.xcconfig */ = {isa = PBXFileReference; includeInIndex = 1; lastKnownFileType = text.xcconfig; name = "Pods-MyFundooNote.debug.xcconfig"; path = "Target Support Files/Pods-MyFundooNote/Pods-MyFundooNote.debug.xcconfig"; sourceTree = "<group>"; };
		507C3B21348810A97DF96555 /* Pods-MyFundooNote.release.xcconfig */ = {isa = PBXFileReference; includeInIndex = 1; lastKnownFileType = text.xcconfig; name = "Pods-MyFundooNote.release.xcconfig"; path = "Target Support Files/Pods-MyFundooNote/Pods-MyFundooNote.release.xcconfig"; sourceTree = "<group>"; };
		8445F100283214290001F3CD /* DataPersistenceManager.swift */ = {isa = PBXFileReference; lastKnownFileType = sourcecode.swift; path = DataPersistenceManager.swift; sourceTree = "<group>"; };
		8445F10C28324EEA0001F3CD /* LoadingViewController.swift */ = {isa = PBXFileReference; lastKnownFileType = sourcecode.swift; path = LoadingViewController.swift; sourceTree = "<group>"; };
		8445F10E283258970001F3CD /* ShowErrorAlert.swift */ = {isa = PBXFileReference; lastKnownFileType = sourcecode.swift; path = ShowErrorAlert.swift; sourceTree = "<group>"; };
		8445F110283262C10001F3CD /* Constants.swift */ = {isa = PBXFileReference; lastKnownFileType = sourcecode.swift; path = Constants.swift; sourceTree = "<group>"; };
		848123C3282790E500BB640E /* AddReminderViewController.swift */ = {isa = PBXFileReference; lastKnownFileType = sourcecode.swift; path = AddReminderViewController.swift; sourceTree = "<group>"; };
		848A0479281C6984008F6E66 /* MyFundooNote.app */ = {isa = PBXFileReference; explicitFileType = wrapper.application; includeInIndex = 0; path = MyFundooNote.app; sourceTree = BUILT_PRODUCTS_DIR; };
		848A047C281C6984008F6E66 /* AppDelegate.swift */ = {isa = PBXFileReference; lastKnownFileType = sourcecode.swift; path = AppDelegate.swift; sourceTree = "<group>"; };
		848A047E281C6984008F6E66 /* SceneDelegate.swift */ = {isa = PBXFileReference; lastKnownFileType = sourcecode.swift; path = SceneDelegate.swift; sourceTree = "<group>"; };
		848A0486281C6984008F6E66 /* MyFundooNote.xcdatamodel */ = {isa = PBXFileReference; lastKnownFileType = wrapper.xcdatamodel; path = MyFundooNote.xcdatamodel; sourceTree = "<group>"; };
		848A0488281C698E008F6E66 /* Assets.xcassets */ = {isa = PBXFileReference; lastKnownFileType = folder.assetcatalog; path = Assets.xcassets; sourceTree = "<group>"; };
		848A048B281C698E008F6E66 /* Base */ = {isa = PBXFileReference; lastKnownFileType = file.storyboard; name = Base; path = Base.lproj/LaunchScreen.storyboard; sourceTree = "<group>"; };
		848A048D281C698E008F6E66 /* Info.plist */ = {isa = PBXFileReference; lastKnownFileType = text.plist.xml; path = Info.plist; sourceTree = "<group>"; };
		848A0493281C6AB9008F6E66 /* HomeViewController.swift */ = {isa = PBXFileReference; lastKnownFileType = sourcecode.swift; path = HomeViewController.swift; sourceTree = "<group>"; };
		848A0496281C6BA5008F6E66 /* AuthService.swift */ = {isa = PBXFileReference; lastKnownFileType = sourcecode.swift; path = AuthService.swift; sourceTree = "<group>"; };
		848A049A281C7465008F6E66 /* LoginViewController.swift */ = {isa = PBXFileReference; lastKnownFileType = sourcecode.swift; path = LoginViewController.swift; sourceTree = "<group>"; };
		848A049C281C7479008F6E66 /* RegistrationViewController.swift */ = {isa = PBXFileReference; lastKnownFileType = sourcecode.swift; path = RegistrationViewController.swift; sourceTree = "<group>"; };
		848A049E281C7603008F6E66 /* Login.swift */ = {isa = PBXFileReference; lastKnownFileType = sourcecode.swift; path = Login.swift; sourceTree = "<group>"; };
		848A04A1281C761F008F6E66 /* Registration.swift */ = {isa = PBXFileReference; lastKnownFileType = sourcecode.swift; path = Registration.swift; sourceTree = "<group>"; };
		848A04A3281C768B008F6E66 /* Extension.swift */ = {isa = PBXFileReference; lastKnownFileType = sourcecode.swift; path = Extension.swift; sourceTree = "<group>"; };
		848A04A5281C7732008F6E66 /* CustomTextField.swift */ = {isa = PBXFileReference; lastKnownFileType = sourcecode.swift; path = CustomTextField.swift; sourceTree = "<group>"; };
		848A04A8281C7787008F6E66 /* InputContainerView.swift */ = {isa = PBXFileReference; lastKnownFileType = sourcecode.swift; path = InputContainerView.swift; sourceTree = "<group>"; };
		848A04B0281C87EA008F6E66 /* GoogleService-Info.plist */ = {isa = PBXFileReference; fileEncoding = 4; lastKnownFileType = text.plist.xml; path = "GoogleService-Info.plist"; sourceTree = "<group>"; };
		848A04B5281E9360008F6E66 /* SideMenuViewController.swift */ = {isa = PBXFileReference; lastKnownFileType = sourcecode.swift; path = SideMenuViewController.swift; sourceTree = "<group>"; };
		848A04B7281E9382008F6E66 /* SideMenuDelegate.swift */ = {isa = PBXFileReference; lastKnownFileType = sourcecode.swift; path = SideMenuDelegate.swift; sourceTree = "<group>"; };
		848A04B9281E9392008F6E66 /* SideMenuItem.swift */ = {isa = PBXFileReference; lastKnownFileType = sourcecode.swift; path = SideMenuItem.swift; sourceTree = "<group>"; };
		848A04BB281E93B5008F6E66 /* SideMenuItemCell.swift */ = {isa = PBXFileReference; lastKnownFileType = sourcecode.swift; path = SideMenuItemCell.swift; sourceTree = "<group>"; };
		848A04BE281EA921008F6E66 /* ContentViewController.swift */ = {isa = PBXFileReference; lastKnownFileType = sourcecode.swift; path = ContentViewController.swift; sourceTree = "<group>"; };
		848A04C0281EA940008F6E66 /* ContentViewControllerPresentation.swift */ = {isa = PBXFileReference; lastKnownFileType = sourcecode.swift; path = ContentViewControllerPresentation.swift; sourceTree = "<group>"; };
		848A04C2281EA970008F6E66 /* ContainerViewController.swift */ = {isa = PBXFileReference; lastKnownFileType = sourcecode.swift; path = ContainerViewController.swift; sourceTree = "<group>"; };
		848A04C5281EA9D8008F6E66 /* ContainerViewComposer.swift */ = {isa = PBXFileReference; lastKnownFileType = sourcecode.swift; path = ContainerViewComposer.swift; sourceTree = "<group>"; };
		848A04C7281EAA9E008F6E66 /* SettingsViewController.swift */ = {isa = PBXFileReference; lastKnownFileType = sourcecode.swift; path = SettingsViewController.swift; sourceTree = "<group>"; };
		848A04C9281EAAB4008F6E66 /* ArchiveViewController.swift */ = {isa = PBXFileReference; lastKnownFileType = sourcecode.swift; path = ArchiveViewController.swift; sourceTree = "<group>"; };
		848A04CB281EAAD0008F6E66 /* RemindersViewController.swift */ = {isa = PBXFileReference; lastKnownFileType = sourcecode.swift; path = RemindersViewController.swift; sourceTree = "<group>"; };
		848A04CD281EAB9D008F6E66 /* AboutViewController.swift */ = {isa = PBXFileReference; lastKnownFileType = sourcecode.swift; path = AboutViewController.swift; sourceTree = "<group>"; };
		848A04D0281FA934008F6E66 /* AddNoteViewController.swift */ = {isa = PBXFileReference; lastKnownFileType = sourcecode.swift; path = AddNoteViewController.swift; sourceTree = "<group>"; };
		848A04D2281FD15E008F6E66 /* FirebaseNoteService.swift */ = {isa = PBXFileReference; lastKnownFileType = sourcecode.swift; path = FirebaseNoteService.swift; sourceTree = "<group>"; };
		848A04D4281FD1EB008F6E66 /* NoteModel.swift */ = {isa = PBXFileReference; lastKnownFileType = sourcecode.swift; path = NoteModel.swift; sourceTree = "<group>"; };
		848A04D828201981008F6E66 /* NotesCell.swift */ = {isa = PBXFileReference; lastKnownFileType = sourcecode.swift; path = NotesCell.swift; sourceTree = "<group>"; };
		848F3F8C2824C28700C7217C /* ProfileImageView.swift */ = {isa = PBXFileReference; lastKnownFileType = sourcecode.swift; path = ProfileImageView.swift; sourceTree = "<group>"; };
		848F3F8E2824C2F400C7217C /* CustomContainerView.swift */ = {isa = PBXFileReference; lastKnownFileType = sourcecode.swift; path = CustomContainerView.swift; sourceTree = "<group>"; };
		849114D72824414F00D4C04F /* UserProfile.swift */ = {isa = PBXFileReference; lastKnownFileType = sourcecode.swift; path = UserProfile.swift; sourceTree = "<group>"; };
		849114D928244DCA00D4C04F /* ProfileViewController.swift */ = {isa = PBXFileReference; lastKnownFileType = sourcecode.swift; path = ProfileViewController.swift; sourceTree = "<group>"; };
		849114DB282474B000D4C04F /* TitleLabel.swift */ = {isa = PBXFileReference; lastKnownFileType = sourcecode.swift; path = TitleLabel.swift; sourceTree = "<group>"; };
		849114DD2824753200D4C04F /* BodyLabel.swift */ = {isa = PBXFileReference; lastKnownFileType = sourcecode.swift; path = BodyLabel.swift; sourceTree = "<group>"; };
		849114DF2824760300D4C04F /* CustomButton.swift */ = {isa = PBXFileReference; lastKnownFileType = sourcecode.swift; path = CustomButton.swift; sourceTree = "<group>"; };
		84968A872824D7DD0025CF9A /* CustomTextView.swift */ = {isa = PBXFileReference; lastKnownFileType = sourcecode.swift; path = CustomTextView.swift; sourceTree = "<group>"; };
		84968A892825124A0025CF9A /* TextButton.swift */ = {isa = PBXFileReference; lastKnownFileType = sourcecode.swift; path = TextButton.swift; sourceTree = "<group>"; };
		84EE2608282D1E0E0033E4FE /* PinterestLayout.swift */ = {isa = PBXFileReference; lastKnownFileType = sourcecode.swift; path = PinterestLayout.swift; sourceTree = "<group>"; };
		BB724E13A2BE976805BACEA2 /* Pods_MyFundooNote.framework */ = {isa = PBXFileReference; explicitFileType = wrapper.framework; includeInIndex = 0; path = Pods_MyFundooNote.framework; sourceTree = BUILT_PRODUCTS_DIR; };
/* End PBXFileReference section */

/* Begin PBXFrameworksBuildPhase section */
		848A0476281C6984008F6E66 /* Frameworks */ = {
			isa = PBXFrameworksBuildPhase;
			buildActionMask = 2147483647;
			files = (
				CF2F8F443330E65509A41039 /* Pods_MyFundooNote.framework in Frameworks */,
			);
			runOnlyForDeploymentPostprocessing = 0;
		};
/* End PBXFrameworksBuildPhase section */

/* Begin PBXGroup section */
		8445F10B283241170001F3CD /* CoreDataObjects */ = {
			isa = PBXGroup;
			children = (
			);
			name = CoreDataObjects;
			path = ..;
			sourceTree = "<group>";
		};
		8475EC9C2833AB0200635745 /* Alert */ = {
			isa = PBXGroup;
			children = (
				8445F10E283258970001F3CD /* ShowErrorAlert.swift */,
			);
			path = Alert;
			sourceTree = "<group>";
		};
		848A0470281C6984008F6E66 = {
			isa = PBXGroup;
			children = (
				848A047B281C6984008F6E66 /* MyFundooNote */,
				848A047A281C6984008F6E66 /* Products */,
				D82E201C04DDE8D7FF75ACD0 /* Pods */,
				DB8AFBF9A45B9C9721D5EF71 /* Frameworks */,
			);
			sourceTree = "<group>";
		};
		848A047A281C6984008F6E66 /* Products */ = {
			isa = PBXGroup;
			children = (
				848A0479281C6984008F6E66 /* MyFundooNote.app */,
			);
			name = Products;
			sourceTree = "<group>";
		};
		848A047B281C6984008F6E66 /* MyFundooNote */ = {
			isa = PBXGroup;
			children = (
				8445F110283262C10001F3CD /* Constants.swift */,
				8445F10B283241170001F3CD /* CoreDataObjects */,
				84DF38AF28252823008E4470 /* Supports */,
				848A04C4281EA9B0008F6E66 /* Composer */,
				848A04B2281E810F008F6E66 /* Services */,
				848A04B3281E8133008F6E66 /* Extensions */,
				848A04A7281C7769008F6E66 /* View */,
				848A04A0281C7609008F6E66 /* Model */,
				848A0495281C6AED008F6E66 /* Controllers */,
				848A0488281C698E008F6E66 /* Assets.xcassets */,
				848A04B0281C87EA008F6E66 /* GoogleService-Info.plist */,
				848A048A281C698E008F6E66 /* LaunchScreen.storyboard */,
				848A048D281C698E008F6E66 /* Info.plist */,
				848A0485281C6984008F6E66 /* MyFundooNote.xcdatamodeld */,
			);
			path = MyFundooNote;
			sourceTree = "<group>";
		};
		848A0495281C6AED008F6E66 /* Controllers */ = {
			isa = PBXGroup;
			children = (
				848A04BD281E9F71008F6E66 /* Container */,
				848A04B4281E9336008F6E66 /* SideMenuController */,
				848A04CF281F975D008F6E66 /* AuthControllers */,
				848A0493281C6AB9008F6E66 /* HomeViewController.swift */,
				848A04C9281EAAB4008F6E66 /* ArchiveViewController.swift */,
				848A04CB281EAAD0008F6E66 /* RemindersViewController.swift */,
				848A04CD281EAB9D008F6E66 /* AboutViewController.swift */,
				848A04D0281FA934008F6E66 /* AddNoteViewController.swift */,
				849114D928244DCA00D4C04F /* ProfileViewController.swift */,
				848123C3282790E500BB640E /* AddReminderViewController.swift */,
				848A04C7281EAA9E008F6E66 /* SettingsViewController.swift */,
			);
			path = Controllers;
			sourceTree = "<group>";
		};
		848A04A0281C7609008F6E66 /* Model */ = {
			isa = PBXGroup;
			children = (
				848A049E281C7603008F6E66 /* Login.swift */,
				848A04A1281C761F008F6E66 /* Registration.swift */,
				848A04D4281FD1EB008F6E66 /* NoteModel.swift */,
				849114D72824414F00D4C04F /* UserProfile.swift */,
			);
			path = Model;
			sourceTree = "<group>";
		};
		848A04A7281C7769008F6E66 /* View */ = {
			isa = PBXGroup;
			children = (
				8475EC9C2833AB0200635745 /* Alert */,
				84DF38AD28251AB3008E4470 /* Cell */,
				84968A8C282515F40025CF9A /* Buttons */,
				84968A8B282515E20025CF9A /* Labels */,
				84DF38AE28251AF2008E4470 /* Containers */,
				848F3F8C2824C28700C7217C /* ProfileImageView.swift */,
				84968A872824D7DD0025CF9A /* CustomTextView.swift */,
				848A04A5281C7732008F6E66 /* CustomTextField.swift */,
				84EE2608282D1E0E0033E4FE /* PinterestLayout.swift */,
				8445F10C28324EEA0001F3CD /* LoadingViewController.swift */,
			);
			path = View;
			sourceTree = "<group>";
		};
		848A04B2281E810F008F6E66 /* Services */ = {
			isa = PBXGroup;
			children = (
				848A0496281C6BA5008F6E66 /* AuthService.swift */,
				848A04D2281FD15E008F6E66 /* FirebaseNoteService.swift */,
				8445F100283214290001F3CD /* DataPersistenceManager.swift */,
			);
			path = Services;
			sourceTree = "<group>";
		};
		848A04B3281E8133008F6E66 /* Extensions */ = {
			isa = PBXGroup;
			children = (
				848A04A3281C768B008F6E66 /* Extension.swift */,
			);
			path = Extensions;
			sourceTree = "<group>";
		};
		848A04B4281E9336008F6E66 /* SideMenuController */ = {
			isa = PBXGroup;
			children = (
				848A04B5281E9360008F6E66 /* SideMenuViewController.swift */,
				848A04B7281E9382008F6E66 /* SideMenuDelegate.swift */,
				848A04B9281E9392008F6E66 /* SideMenuItem.swift */,
				848A04BB281E93B5008F6E66 /* SideMenuItemCell.swift */,
			);
			path = SideMenuController;
			sourceTree = "<group>";
		};
		848A04BD281E9F71008F6E66 /* Container */ = {
			isa = PBXGroup;
			children = (
				848A04BE281EA921008F6E66 /* ContentViewController.swift */,
				848A04C0281EA940008F6E66 /* ContentViewControllerPresentation.swift */,
				848A04C2281EA970008F6E66 /* ContainerViewController.swift */,
			);
			path = Container;
			sourceTree = "<group>";
		};
		848A04C4281EA9B0008F6E66 /* Composer */ = {
			isa = PBXGroup;
			children = (
				848A04C5281EA9D8008F6E66 /* ContainerViewComposer.swift */,
			);
			path = Composer;
			sourceTree = "<group>";
		};
		848A04CF281F975D008F6E66 /* AuthControllers */ = {
			isa = PBXGroup;
			children = (
				848A049A281C7465008F6E66 /* LoginViewController.swift */,
				848A049C281C7479008F6E66 /* RegistrationViewController.swift */,
			);
			path = AuthControllers;
			sourceTree = "<group>";
		};
		84968A8B282515E20025CF9A /* Labels */ = {
			isa = PBXGroup;
			children = (
				849114DB282474B000D4C04F /* TitleLabel.swift */,
				849114DD2824753200D4C04F /* BodyLabel.swift */,
			);
			path = Labels;
			sourceTree = "<group>";
		};
		84968A8C282515F40025CF9A /* Buttons */ = {
			isa = PBXGroup;
			children = (
				849114DF2824760300D4C04F /* CustomButton.swift */,
				84968A892825124A0025CF9A /* TextButton.swift */,
			);
			path = Buttons;
			sourceTree = "<group>";
		};
		84DF38AD28251AB3008E4470 /* Cell */ = {
			isa = PBXGroup;
			children = (
				848A04D828201981008F6E66 /* NotesCell.swift */,
			);
			path = Cell;
			sourceTree = "<group>";
		};
		84DF38AE28251AF2008E4470 /* Containers */ = {
			isa = PBXGroup;
			children = (
				848A04A8281C7787008F6E66 /* InputContainerView.swift */,
				848F3F8E2824C2F400C7217C /* CustomContainerView.swift */,
			);
			path = Containers;
			sourceTree = "<group>";
		};
		84DF38AF28252823008E4470 /* Supports */ = {
			isa = PBXGroup;
			children = (
				848A047C281C6984008F6E66 /* AppDelegate.swift */,
				848A047E281C6984008F6E66 /* SceneDelegate.swift */,
			);
			path = Supports;
			sourceTree = "<group>";
		};
		D82E201C04DDE8D7FF75ACD0 /* Pods */ = {
			isa = PBXGroup;
			children = (
				36C8321EB1F0FCD7788BBB89 /* Pods-MyFundooNote.debug.xcconfig */,
				507C3B21348810A97DF96555 /* Pods-MyFundooNote.release.xcconfig */,
			);
			path = Pods;
			sourceTree = "<group>";
		};
		DB8AFBF9A45B9C9721D5EF71 /* Frameworks */ = {
			isa = PBXGroup;
			children = (
				BB724E13A2BE976805BACEA2 /* Pods_MyFundooNote.framework */,
			);
			name = Frameworks;
			sourceTree = "<group>";
		};
/* End PBXGroup section */

/* Begin PBXNativeTarget section */
		848A0478281C6984008F6E66 /* MyFundooNote */ = {
			isa = PBXNativeTarget;
			buildConfigurationList = 848A0490281C698E008F6E66 /* Build configuration list for PBXNativeTarget "MyFundooNote" */;
			buildPhases = (
				3E4A0527A9B4A4DEC324AB3D /* [CP] Check Pods Manifest.lock */,
				848A0475281C6984008F6E66 /* Sources */,
				848A0476281C6984008F6E66 /* Frameworks */,
				848A0477281C6984008F6E66 /* Resources */,
				5E6EC0CA26475FB82FFBD8CE /* [CP] Embed Pods Frameworks */,
			);
			buildRules = (
			);
			dependencies = (
			);
			name = MyFundooNote;
			productName = MyFundooNote;
			productReference = 848A0479281C6984008F6E66 /* MyFundooNote.app */;
			productType = "com.apple.product-type.application";
		};
/* End PBXNativeTarget section */

/* Begin PBXProject section */
		848A0471281C6984008F6E66 /* Project object */ = {
			isa = PBXProject;
			attributes = {
				BuildIndependentTargetsInParallel = 1;
				LastSwiftUpdateCheck = 1330;
				LastUpgradeCheck = 1330;
				TargetAttributes = {
					848A0478281C6984008F6E66 = {
						CreatedOnToolsVersion = 13.3.1;
					};
				};
			};
			buildConfigurationList = 848A0474281C6984008F6E66 /* Build configuration list for PBXProject "MyFundooNote" */;
			compatibilityVersion = "Xcode 13.0";
			developmentRegion = en;
			hasScannedForEncodings = 0;
			knownRegions = (
				en,
				Base,
			);
			mainGroup = 848A0470281C6984008F6E66;
			productRefGroup = 848A047A281C6984008F6E66 /* Products */;
			projectDirPath = "";
			projectRoot = "";
			targets = (
				848A0478281C6984008F6E66 /* MyFundooNote */,
			);
		};
/* End PBXProject section */

/* Begin PBXResourcesBuildPhase section */
		848A0477281C6984008F6E66 /* Resources */ = {
			isa = PBXResourcesBuildPhase;
			buildActionMask = 2147483647;
			files = (
				848A048C281C698E008F6E66 /* LaunchScreen.storyboard in Resources */,
				848A0489281C698E008F6E66 /* Assets.xcassets in Resources */,
				848A04B1281C87EA008F6E66 /* GoogleService-Info.plist in Resources */,
			);
			runOnlyForDeploymentPostprocessing = 0;
		};
/* End PBXResourcesBuildPhase section */

/* Begin PBXShellScriptBuildPhase section */
		3E4A0527A9B4A4DEC324AB3D /* [CP] Check Pods Manifest.lock */ = {
			isa = PBXShellScriptBuildPhase;
			buildActionMask = 2147483647;
			files = (
			);
			inputFileListPaths = (
			);
			inputPaths = (
				"${PODS_PODFILE_DIR_PATH}/Podfile.lock",
				"${PODS_ROOT}/Manifest.lock",
			);
			name = "[CP] Check Pods Manifest.lock";
			outputFileListPaths = (
			);
			outputPaths = (
				"$(DERIVED_FILE_DIR)/Pods-MyFundooNote-checkManifestLockResult.txt",
			);
			runOnlyForDeploymentPostprocessing = 0;
			shellPath = /bin/sh;
			shellScript = "diff \"${PODS_PODFILE_DIR_PATH}/Podfile.lock\" \"${PODS_ROOT}/Manifest.lock\" > /dev/null\nif [ $? != 0 ] ; then\n    # print error to STDERR\n    echo \"error: The sandbox is not in sync with the Podfile.lock. Run 'pod install' or update your CocoaPods installation.\" >&2\n    exit 1\nfi\n# This output is used by Xcode 'outputs' to avoid re-running this script phase.\necho \"SUCCESS\" > \"${SCRIPT_OUTPUT_FILE_0}\"\n";
			showEnvVarsInLog = 0;
		};
		5E6EC0CA26475FB82FFBD8CE /* [CP] Embed Pods Frameworks */ = {
			isa = PBXShellScriptBuildPhase;
			buildActionMask = 2147483647;
			files = (
			);
			inputFileListPaths = (
				"${PODS_ROOT}/Target Support Files/Pods-MyFundooNote/Pods-MyFundooNote-frameworks-${CONFIGURATION}-input-files.xcfilelist",
			);
			name = "[CP] Embed Pods Frameworks";
			outputFileListPaths = (
				"${PODS_ROOT}/Target Support Files/Pods-MyFundooNote/Pods-MyFundooNote-frameworks-${CONFIGURATION}-output-files.xcfilelist",
			);
			runOnlyForDeploymentPostprocessing = 0;
			shellPath = /bin/sh;
			shellScript = "\"${PODS_ROOT}/Target Support Files/Pods-MyFundooNote/Pods-MyFundooNote-frameworks.sh\"\n";
			showEnvVarsInLog = 0;
		};
/* End PBXShellScriptBuildPhase section */

/* Begin PBXSourcesBuildPhase section */
		848A0475281C6984008F6E66 /* Sources */ = {
			isa = PBXSourcesBuildPhase;
			buildActionMask = 2147483647;
			files = (
				84968A882824D7DD0025CF9A /* CustomTextView.swift in Sources */,
				848123C4282790E500BB640E /* AddReminderViewController.swift in Sources */,
				848A049B281C7465008F6E66 /* LoginViewController.swift in Sources */,
				848A04A9281C7787008F6E66 /* InputContainerView.swift in Sources */,
				84968A8A2825124A0025CF9A /* TextButton.swift in Sources */,
				848A04C8281EAA9E008F6E66 /* SettingsViewController.swift in Sources */,
				848A04BF281EA921008F6E66 /* ContentViewController.swift in Sources */,
				849114E02824760300D4C04F /* CustomButton.swift in Sources */,
				8445F111283262C10001F3CD /* Constants.swift in Sources */,
				848A04A6281C7732008F6E66 /* CustomTextField.swift in Sources */,
				8445F101283214290001F3CD /* DataPersistenceManager.swift in Sources */,
				848A04D928201981008F6E66 /* NotesCell.swift in Sources */,
				848A04C6281EA9D8008F6E66 /* ContainerViewComposer.swift in Sources */,
				848A04CE281EAB9E008F6E66 /* AboutViewController.swift in Sources */,
				848A04B6281E9360008F6E66 /* SideMenuViewController.swift in Sources */,
				848A04D1281FA934008F6E66 /* AddNoteViewController.swift in Sources */,
				848A0494281C6AB9008F6E66 /* HomeViewController.swift in Sources */,
				848A04D5281FD1EB008F6E66 /* NoteModel.swift in Sources */,
				848F3F8F2824C2F400C7217C /* CustomContainerView.swift in Sources */,
				849114DA28244DCA00D4C04F /* ProfileViewController.swift in Sources */,
				848A04C1281EA940008F6E66 /* ContentViewControllerPresentation.swift in Sources */,
				849114DC282474B000D4C04F /* TitleLabel.swift in Sources */,
				848A0487281C6984008F6E66 /* MyFundooNote.xcdatamodeld in Sources */,
				84EE2609282D1E0F0033E4FE /* PinterestLayout.swift in Sources */,
				849114D82824414F00D4C04F /* UserProfile.swift in Sources */,
				848A04D3281FD15F008F6E66 /* FirebaseNoteService.swift in Sources */,
				848A04B8281E9382008F6E66 /* SideMenuDelegate.swift in Sources */,
				848A0497281C6BA5008F6E66 /* AuthService.swift in Sources */,
				848A04A2281C761F008F6E66 /* Registration.swift in Sources */,
				848F3F8D2824C28800C7217C /* ProfileImageView.swift in Sources */,
				848A04CA281EAAB4008F6E66 /* ArchiveViewController.swift in Sources */,
				849114DE2824753200D4C04F /* BodyLabel.swift in Sources */,
				848A04A4281C768B008F6E66 /* Extension.swift in Sources */,
				848A04C3281EA970008F6E66 /* ContainerViewController.swift in Sources */,
				848A04BC281E93B5008F6E66 /* SideMenuItemCell.swift in Sources */,
				8445F10F283258970001F3CD /* ShowErrorAlert.swift in Sources */,
				848A04CC281EAAD0008F6E66 /* RemindersViewController.swift in Sources */,
				848A049D281C7479008F6E66 /* RegistrationViewController.swift in Sources */,
				848A04BA281E9392008F6E66 /* SideMenuItem.swift in Sources */,
				848A047D281C6984008F6E66 /* AppDelegate.swift in Sources */,
				848A047F281C6984008F6E66 /* SceneDelegate.swift in Sources */,
				8445F10D28324EEA0001F3CD /* LoadingViewController.swift in Sources */,
				848A049F281C7603008F6E66 /* Login.swift in Sources */,
			);
			runOnlyForDeploymentPostprocessing = 0;
		};
/* End PBXSourcesBuildPhase section */

/* Begin PBXVariantGroup section */
		848A048A281C698E008F6E66 /* LaunchScreen.storyboard */ = {
			isa = PBXVariantGroup;
			children = (
				848A048B281C698E008F6E66 /* Base */,
			);
			name = LaunchScreen.storyboard;
			sourceTree = "<group>";
		};
/* End PBXVariantGroup section */

/* Begin XCBuildConfiguration section */
		848A048E281C698E008F6E66 /* Debug */ = {
			isa = XCBuildConfiguration;
			buildSettings = {
				ALWAYS_SEARCH_USER_PATHS = NO;
				CLANG_ANALYZER_NONNULL = YES;
				CLANG_ANALYZER_NUMBER_OBJECT_CONVERSION = YES_AGGRESSIVE;
				CLANG_CXX_LANGUAGE_STANDARD = "gnu++17";
				CLANG_ENABLE_MODULES = YES;
				CLANG_ENABLE_OBJC_ARC = YES;
				CLANG_ENABLE_OBJC_WEAK = YES;
				CLANG_WARN_BLOCK_CAPTURE_AUTORELEASING = YES;
				CLANG_WARN_BOOL_CONVERSION = YES;
				CLANG_WARN_COMMA = YES;
				CLANG_WARN_CONSTANT_CONVERSION = YES;
				CLANG_WARN_DEPRECATED_OBJC_IMPLEMENTATIONS = YES;
				CLANG_WARN_DIRECT_OBJC_ISA_USAGE = YES_ERROR;
				CLANG_WARN_DOCUMENTATION_COMMENTS = YES;
				CLANG_WARN_EMPTY_BODY = YES;
				CLANG_WARN_ENUM_CONVERSION = YES;
				CLANG_WARN_INFINITE_RECURSION = YES;
				CLANG_WARN_INT_CONVERSION = YES;
				CLANG_WARN_NON_LITERAL_NULL_CONVERSION = YES;
				CLANG_WARN_OBJC_IMPLICIT_RETAIN_SELF = YES;
				CLANG_WARN_OBJC_LITERAL_CONVERSION = YES;
				CLANG_WARN_OBJC_ROOT_CLASS = YES_ERROR;
				CLANG_WARN_QUOTED_INCLUDE_IN_FRAMEWORK_HEADER = YES;
				CLANG_WARN_RANGE_LOOP_ANALYSIS = YES;
				CLANG_WARN_STRICT_PROTOTYPES = YES;
				CLANG_WARN_SUSPICIOUS_MOVE = YES;
				CLANG_WARN_UNGUARDED_AVAILABILITY = YES_AGGRESSIVE;
				CLANG_WARN_UNREACHABLE_CODE = YES;
				CLANG_WARN__DUPLICATE_METHOD_MATCH = YES;
				COPY_PHASE_STRIP = NO;
				DEBUG_INFORMATION_FORMAT = dwarf;
				ENABLE_STRICT_OBJC_MSGSEND = YES;
				ENABLE_TESTABILITY = YES;
				GCC_C_LANGUAGE_STANDARD = gnu11;
				GCC_DYNAMIC_NO_PIC = NO;
				GCC_NO_COMMON_BLOCKS = YES;
				GCC_OPTIMIZATION_LEVEL = 0;
				GCC_PREPROCESSOR_DEFINITIONS = (
					"DEBUG=1",
					"$(inherited)",
				);
				GCC_WARN_64_TO_32_BIT_CONVERSION = YES;
				GCC_WARN_ABOUT_RETURN_TYPE = YES_ERROR;
				GCC_WARN_UNDECLARED_SELECTOR = YES;
				GCC_WARN_UNINITIALIZED_AUTOS = YES_AGGRESSIVE;
				GCC_WARN_UNUSED_FUNCTION = YES;
				GCC_WARN_UNUSED_VARIABLE = YES;
				IPHONEOS_DEPLOYMENT_TARGET = 15.4;
				MTL_ENABLE_DEBUG_INFO = INCLUDE_SOURCE;
				MTL_FAST_MATH = YES;
				ONLY_ACTIVE_ARCH = YES;
				SDKROOT = iphoneos;
				SWIFT_ACTIVE_COMPILATION_CONDITIONS = DEBUG;
				SWIFT_OPTIMIZATION_LEVEL = "-Onone";
			};
			name = Debug;
		};
		848A048F281C698E008F6E66 /* Release */ = {
			isa = XCBuildConfiguration;
			buildSettings = {
				ALWAYS_SEARCH_USER_PATHS = NO;
				CLANG_ANALYZER_NONNULL = YES;
				CLANG_ANALYZER_NUMBER_OBJECT_CONVERSION = YES_AGGRESSIVE;
				CLANG_CXX_LANGUAGE_STANDARD = "gnu++17";
				CLANG_ENABLE_MODULES = YES;
				CLANG_ENABLE_OBJC_ARC = YES;
				CLANG_ENABLE_OBJC_WEAK = YES;
				CLANG_WARN_BLOCK_CAPTURE_AUTORELEASING = YES;
				CLANG_WARN_BOOL_CONVERSION = YES;
				CLANG_WARN_COMMA = YES;
				CLANG_WARN_CONSTANT_CONVERSION = YES;
				CLANG_WARN_DEPRECATED_OBJC_IMPLEMENTATIONS = YES;
				CLANG_WARN_DIRECT_OBJC_ISA_USAGE = YES_ERROR;
				CLANG_WARN_DOCUMENTATION_COMMENTS = YES;
				CLANG_WARN_EMPTY_BODY = YES;
				CLANG_WARN_ENUM_CONVERSION = YES;
				CLANG_WARN_INFINITE_RECURSION = YES;
				CLANG_WARN_INT_CONVERSION = YES;
				CLANG_WARN_NON_LITERAL_NULL_CONVERSION = YES;
				CLANG_WARN_OBJC_IMPLICIT_RETAIN_SELF = YES;
				CLANG_WARN_OBJC_LITERAL_CONVERSION = YES;
				CLANG_WARN_OBJC_ROOT_CLASS = YES_ERROR;
				CLANG_WARN_QUOTED_INCLUDE_IN_FRAMEWORK_HEADER = YES;
				CLANG_WARN_RANGE_LOOP_ANALYSIS = YES;
				CLANG_WARN_STRICT_PROTOTYPES = YES;
				CLANG_WARN_SUSPICIOUS_MOVE = YES;
				CLANG_WARN_UNGUARDED_AVAILABILITY = YES_AGGRESSIVE;
				CLANG_WARN_UNREACHABLE_CODE = YES;
				CLANG_WARN__DUPLICATE_METHOD_MATCH = YES;
				COPY_PHASE_STRIP = NO;
				DEBUG_INFORMATION_FORMAT = "dwarf-with-dsym";
				ENABLE_NS_ASSERTIONS = NO;
				ENABLE_STRICT_OBJC_MSGSEND = YES;
				GCC_C_LANGUAGE_STANDARD = gnu11;
				GCC_NO_COMMON_BLOCKS = YES;
				GCC_WARN_64_TO_32_BIT_CONVERSION = YES;
				GCC_WARN_ABOUT_RETURN_TYPE = YES_ERROR;
				GCC_WARN_UNDECLARED_SELECTOR = YES;
				GCC_WARN_UNINITIALIZED_AUTOS = YES_AGGRESSIVE;
				GCC_WARN_UNUSED_FUNCTION = YES;
				GCC_WARN_UNUSED_VARIABLE = YES;
				IPHONEOS_DEPLOYMENT_TARGET = 15.4;
				MTL_ENABLE_DEBUG_INFO = NO;
				MTL_FAST_MATH = YES;
				SDKROOT = iphoneos;
				SWIFT_COMPILATION_MODE = wholemodule;
				SWIFT_OPTIMIZATION_LEVEL = "-O";
				VALIDATE_PRODUCT = YES;
			};
			name = Release;
		};
		848A0491281C698E008F6E66 /* Debug */ = {
			isa = XCBuildConfiguration;
			baseConfigurationReference = 36C8321EB1F0FCD7788BBB89 /* Pods-MyFundooNote.debug.xcconfig */;
			buildSettings = {
				ASSETCATALOG_COMPILER_APPICON_NAME = AppIcon;
				ASSETCATALOG_COMPILER_GLOBAL_ACCENT_COLOR_NAME = AccentColor;
				CODE_SIGN_STYLE = Automatic;
				CURRENT_PROJECT_VERSION = 1;
				DEVELOPMENT_TEAM = C2T833C56R;
				GENERATE_INFOPLIST_FILE = YES;
				INFOPLIST_FILE = MyFundooNote/Info.plist;
				INFOPLIST_KEY_UIApplicationSupportsIndirectInputEvents = YES;
				INFOPLIST_KEY_UILaunchStoryboardName = LaunchScreen;
				INFOPLIST_KEY_UISupportedInterfaceOrientations_iPad = "UIInterfaceOrientationPortrait UIInterfaceOrientationPortraitUpsideDown UIInterfaceOrientationLandscapeLeft UIInterfaceOrientationLandscapeRight";
				INFOPLIST_KEY_UISupportedInterfaceOrientations_iPhone = "UIInterfaceOrientationPortrait UIInterfaceOrientationLandscapeLeft UIInterfaceOrientationLandscapeRight";
				LD_RUNPATH_SEARCH_PATHS = (
					"$(inherited)",
					"@executable_path/Frameworks",
				);
				MARKETING_VERSION = 1.0;
				PRODUCT_BUNDLE_IDENTIFIER = com.rahul.ios.MyFundooNote;
				PRODUCT_NAME = "$(TARGET_NAME)";
				SWIFT_EMIT_LOC_STRINGS = YES;
				SWIFT_VERSION = 5.0;
				TARGETED_DEVICE_FAMILY = "1,2";
			};
			name = Debug;
		};
		848A0492281C698E008F6E66 /* Release */ = {
			isa = XCBuildConfiguration;
			baseConfigurationReference = 507C3B21348810A97DF96555 /* Pods-MyFundooNote.release.xcconfig */;
			buildSettings = {
				ASSETCATALOG_COMPILER_APPICON_NAME = AppIcon;
				ASSETCATALOG_COMPILER_GLOBAL_ACCENT_COLOR_NAME = AccentColor;
				CODE_SIGN_STYLE = Automatic;
				CURRENT_PROJECT_VERSION = 1;
				DEVELOPMENT_TEAM = C2T833C56R;
				GENERATE_INFOPLIST_FILE = YES;
				INFOPLIST_FILE = MyFundooNote/Info.plist;
				INFOPLIST_KEY_UIApplicationSupportsIndirectInputEvents = YES;
				INFOPLIST_KEY_UILaunchStoryboardName = LaunchScreen;
				INFOPLIST_KEY_UISupportedInterfaceOrientations_iPad = "UIInterfaceOrientationPortrait UIInterfaceOrientationPortraitUpsideDown UIInterfaceOrientationLandscapeLeft UIInterfaceOrientationLandscapeRight";
				INFOPLIST_KEY_UISupportedInterfaceOrientations_iPhone = "UIInterfaceOrientationPortrait UIInterfaceOrientationLandscapeLeft UIInterfaceOrientationLandscapeRight";
				LD_RUNPATH_SEARCH_PATHS = (
					"$(inherited)",
					"@executable_path/Frameworks",
				);
				MARKETING_VERSION = 1.0;
				PRODUCT_BUNDLE_IDENTIFIER = com.rahul.ios.MyFundooNote;
				PRODUCT_NAME = "$(TARGET_NAME)";
				SWIFT_EMIT_LOC_STRINGS = YES;
				SWIFT_VERSION = 5.0;
				TARGETED_DEVICE_FAMILY = "1,2";
			};
			name = Release;
		};
/* End XCBuildConfiguration section */

/* Begin XCConfigurationList section */
		848A0474281C6984008F6E66 /* Build configuration list for PBXProject "MyFundooNote" */ = {
			isa = XCConfigurationList;
			buildConfigurations = (
				848A048E281C698E008F6E66 /* Debug */,
				848A048F281C698E008F6E66 /* Release */,
			);
			defaultConfigurationIsVisible = 0;
			defaultConfigurationName = Release;
		};
		848A0490281C698E008F6E66 /* Build configuration list for PBXNativeTarget "MyFundooNote" */ = {
			isa = XCConfigurationList;
			buildConfigurations = (
				848A0491281C698E008F6E66 /* Debug */,
				848A0492281C698E008F6E66 /* Release */,
			);
			defaultConfigurationIsVisible = 0;
			defaultConfigurationName = Release;
		};
/* End XCConfigurationList section */

/* Begin XCVersionGroup section */
		848A0485281C6984008F6E66 /* MyFundooNote.xcdatamodeld */ = {
			isa = XCVersionGroup;
			children = (
				848A0486281C6984008F6E66 /* MyFundooNote.xcdatamodel */,
			);
			currentVersion = 848A0486281C6984008F6E66 /* MyFundooNote.xcdatamodel */;
			path = MyFundooNote.xcdatamodeld;
			sourceTree = "<group>";
			versionGroupType = wrapper.xcdatamodel;
		};
/* End XCVersionGroup section */
	};
	rootObject = 848A0471281C6984008F6E66 /* Project object */;
}
